
Microsoft Visual Studio Solution File, Format Version 12.00
# Visual Studio Version 17
VisualStudioVersion = 17.10.35027.167
MinimumVisualStudioVersion = 10.0.40219.1
Project("{FAE04EC0-301F-11D3-BF4B-00C04F79EFBC}") = "Books", "Books.csproj", "{C05313E6-A918-4EAD-A24C-265654793008}"
EndProject
Project("{2150E333-8FDC-42A3-9474-1A3956D46DE8}") = "1. Presentation", "1. Presentation", "{7E49F6C0-7F45-429F-8A3E-1105BADAE9DD}"
EndProject
Global
	GlobalSection(SolutionConfigurationPlatforms) = preSolution
		Debug|Any CPU = Debug|Any CPU
		Release|Any CPU = Release|Any CPU
	EndGlobalSection
	GlobalSection(ProjectConfigurationPlatforms) = postSolution
		{C05313E6-A918-4EAD-A24C-265654793008}.Debug|Any CPU.ActiveCfg = Debug|Any CPU
		{C05313E6-A918-4EAD-A24C-265654793008}.Debug|Any CPU.Build.0 = Debug|Any CPU
		{C05313E6-A918-4EAD-A24C-265654793008}.Release|Any CPU.ActiveCfg = Release|Any CPU
		{C05313E6-A918-4EAD-A24C-265654793008}.Release|Any CPU.Build.0 = Release|Any CPU
	EndGlobalSection
	GlobalSection(SolutionProperties) = preSolution
		HideSolutionNode = FALSE
	EndGlobalSection
	GlobalSection(NestedProjects) = preSolution
		{C05313E6-A918-4EAD-A24C-265654793008} = {7E49F6C0-7F45-429F-8A3E-1105BADAE9DD}
	EndGlobalSection
	GlobalSection(ExtensibilityGlobals) = postSolution
		SolutionGuid = {502901A9-1AC1-4F82-8FFD-2AE03D93BBC4}
	EndGlobalSection
EndGlobal
